
Microsoft Visual Studio Solution File, Format Version 12.00
# Visual Studio 15
VisualStudioVersion = 15.0.27130.2024
MinimumVisualStudioVersion = 10.0.40219.1
Project("{FAE04EC0-301F-11D3-BF4B-00C04F79EFBC}") = "Steam Library Manager", "Steam Library Manager\Steam Library Manager.csproj", "{1E4D6DFF-D115-441D-AEA8-F22F60B2CBE4}"
EndProject
Global
	GlobalSection(SolutionConfigurationPlatforms) = preSolution
		Debug|Any CPU = Debug|Any CPU
		Release|Any CPU = Release|Any CPU
	EndGlobalSection
	GlobalSection(ProjectConfigurationPlatforms) = postSolution
		{1E4D6DFF-D115-441D-AEA8-F22F60B2CBE4}.Debug|Any CPU.ActiveCfg = Debug|Any CPU
		{1E4D6DFF-D115-441D-AEA8-F22F60B2CBE4}.Debug|Any CPU.Build.0 = Debug|Any CPU
		{1E4D6DFF-D115-441D-AEA8-F22F60B2CBE4}.Release|Any CPU.ActiveCfg = Release|Any CPU
		{1E4D6DFF-D115-441D-AEA8-F22F60B2CBE4}.Release|Any CPU.Build.0 = Release|Any CPU
	EndGlobalSection
	GlobalSection(SolutionProperties) = preSolution
		HideSolutionNode = FALSE
	EndGlobalSection
	GlobalSection(ExtensibilityGlobals) = postSolution
		SolutionGuid = {BAC111FB-A259-47CA-987C-ECC3D96BDA53}
	EndGlobalSection
EndGlobal
